// !$*UTF8*$!
{
	archiveVersion = 1;
	classes = {
	};
	objectVersion = 48;
	objects = {

/* Begin PBXBuildFile section */
		3FB7250E7FEB52576E98CB1B /* Pods_TheBakingApp.framework in Frameworks */ = {isa = PBXBuildFile; fileRef = 8D1367495763F4D39CE64B95 /* Pods_TheBakingApp.framework */; };
		C81271322032EEA90012810F /* Constants.swift in Sources */ = {isa = PBXBuildFile; fileRef = C81271312032EEA90012810F /* Constants.swift */; };
		C81271342032EFD50012810F /* LocalStorage.swift in Sources */ = {isa = PBXBuildFile; fileRef = C81271332032EFD40012810F /* LocalStorage.swift */; };
		C81271362032F52A0012810F /* StepListViewController.swift in Sources */ = {isa = PBXBuildFile; fileRef = C81271352032F52A0012810F /* StepListViewController.swift */; };
		C81271382032FA300012810F /* Asset.xcassets in Resources */ = {isa = PBXBuildFile; fileRef = C81271372032FA300012810F /* Asset.xcassets */; };
		C812713B2032FF0B0012810F /* StringHelper.swift in Sources */ = {isa = PBXBuildFile; fileRef = C812713A2032FF0B0012810F /* StringHelper.swift */; };
		C812713D203303370012810F /* StepListPresenter.swift in Sources */ = {isa = PBXBuildFile; fileRef = C812713C203303370012810F /* StepListPresenter.swift */; };
		C812714020330DD40012810F /* RecipeStepTableViewCell.swift in Sources */ = {isa = PBXBuildFile; fileRef = C812713F20330DD40012810F /* RecipeStepTableViewCell.swift */; };
		C812714220331E1C0012810F /* UiView.swift in Sources */ = {isa = PBXBuildFile; fileRef = C812714120331E1B0012810F /* UiView.swift */; };
		C812714520333A320012810F /* VideoPlayerViewController.swift in Sources */ = {isa = PBXBuildFile; fileRef = C812714420333A320012810F /* VideoPlayerViewController.swift */; };
		C812714720333B410012810F /* RecipeStepsViewPagerController.swift in Sources */ = {isa = PBXBuildFile; fileRef = C812714620333B410012810F /* RecipeStepsViewPagerController.swift */; };
		C8819EA820189431008E6235 /* AppDelegate.swift in Sources */ = {isa = PBXBuildFile; fileRef = C8819EA720189431008E6235 /* AppDelegate.swift */; };
		C8819EAA20189431008E6235 /* BaseUIViewController.swift in Sources */ = {isa = PBXBuildFile; fileRef = C8819EA920189431008E6235 /* BaseUIViewController.swift */; };
		C8819EAD20189431008E6235 /* Main.storyboard in Resources */ = {isa = PBXBuildFile; fileRef = C8819EAB20189431008E6235 /* Main.storyboard */; };
		C8819EB220189431008E6235 /* LaunchScreen.storyboard in Resources */ = {isa = PBXBuildFile; fileRef = C8819EB020189431008E6235 /* LaunchScreen.storyboard */; };
		C8B322B020194A5F000652E6 /* Podfile in Sources */ = {isa = PBXBuildFile; fileRef = C8B322AF20194A5F000652E6 /* Podfile */; };
		C8B322B42019EBEE000652E6 /* BaseContract.swift in Sources */ = {isa = PBXBuildFile; fileRef = C8B322B32019EBEE000652E6 /* BaseContract.swift */; };
		C8B322B62019EE8B000652E6 /* BaseUIViewController+BaseView.swift in Sources */ = {isa = PBXBuildFile; fileRef = C8B322B52019EE8B000652E6 /* BaseUIViewController+BaseView.swift */; };
		C8B322BB201A0EC6000652E6 /* RecipeListViewController.swift in Sources */ = {isa = PBXBuildFile; fileRef = C8B322BA201A0EC6000652E6 /* RecipeListViewController.swift */; };
		C8B322BD201A19A1000652E6 /* RecipeListPresenter.swift in Sources */ = {isa = PBXBuildFile; fileRef = C8B322BC201A19A1000652E6 /* RecipeListPresenter.swift */; };
		C8B322C4201A3D02000652E6 /* RecipeResponse.swift in Sources */ = {isa = PBXBuildFile; fileRef = C8B322C3201A3D02000652E6 /* RecipeResponse.swift */; };
		C8B322CA201AA193000652E6 /* ApiEndPoints.swift in Sources */ = {isa = PBXBuildFile; fileRef = C8B322C9201AA193000652E6 /* ApiEndPoints.swift */; };
		C8B322CC201AC4FE000652E6 /* ApiCalls.swift in Sources */ = {isa = PBXBuildFile; fileRef = C8B322CB201AC4FE000652E6 /* ApiCalls.swift */; };
/* End PBXBuildFile section */

/* Begin PBXFileReference section */
		8D1367495763F4D39CE64B95 /* Pods_TheBakingApp.framework */ = {isa = PBXFileReference; explicitFileType = wrapper.framework; includeInIndex = 0; path = Pods_TheBakingApp.framework; sourceTree = BUILT_PRODUCTS_DIR; };
		B45CCA5550873CF7A34D09A5 /* Pods-TheBakingApp.release.xcconfig */ = {isa = PBXFileReference; includeInIndex = 1; lastKnownFileType = text.xcconfig; name = "Pods-TheBakingApp.release.xcconfig"; path = "Pods/Target Support Files/Pods-TheBakingApp/Pods-TheBakingApp.release.xcconfig"; sourceTree = "<group>"; };
		C81271312032EEA90012810F /* Constants.swift */ = {isa = PBXFileReference; lastKnownFileType = sourcecode.swift; path = Constants.swift; sourceTree = "<group>"; };
		C81271332032EFD40012810F /* LocalStorage.swift */ = {isa = PBXFileReference; fileEncoding = 4; lastKnownFileType = sourcecode.swift; path = LocalStorage.swift; sourceTree = "<group>"; };
		C81271352032F52A0012810F /* StepListViewController.swift */ = {isa = PBXFileReference; lastKnownFileType = sourcecode.swift; path = StepListViewController.swift; sourceTree = "<group>"; };
		C81271372032FA300012810F /* Asset.xcassets */ = {isa = PBXFileReference; lastKnownFileType = folder.assetcatalog; path = Asset.xcassets; sourceTree = "<group>"; };
		C812713A2032FF0B0012810F /* StringHelper.swift */ = {isa = PBXFileReference; lastKnownFileType = sourcecode.swift; path = StringHelper.swift; sourceTree = "<group>"; };
		C812713C203303370012810F /* StepListPresenter.swift */ = {isa = PBXFileReference; lastKnownFileType = sourcecode.swift; path = StepListPresenter.swift; sourceTree = "<group>"; };
		C812713F20330DD40012810F /* RecipeStepTableViewCell.swift */ = {isa = PBXFileReference; lastKnownFileType = sourcecode.swift; path = RecipeStepTableViewCell.swift; sourceTree = "<group>"; };
		C812714120331E1B0012810F /* UiView.swift */ = {isa = PBXFileReference; lastKnownFileType = sourcecode.swift; path = UiView.swift; sourceTree = "<group>"; };
		C812714420333A320012810F /* VideoPlayerViewController.swift */ = {isa = PBXFileReference; lastKnownFileType = sourcecode.swift; path = VideoPlayerViewController.swift; sourceTree = "<group>"; };
		C812714620333B410012810F /* RecipeStepsViewPagerController.swift */ = {isa = PBXFileReference; lastKnownFileType = sourcecode.swift; path = RecipeStepsViewPagerController.swift; sourceTree = "<group>"; };
		C8819EA420189431008E6235 /* TheBakingApp.app */ = {isa = PBXFileReference; explicitFileType = wrapper.application; includeInIndex = 0; path = TheBakingApp.app; sourceTree = BUILT_PRODUCTS_DIR; };
		C8819EA720189431008E6235 /* AppDelegate.swift */ = {isa = PBXFileReference; lastKnownFileType = sourcecode.swift; path = AppDelegate.swift; sourceTree = "<group>"; };
		C8819EA920189431008E6235 /* BaseUIViewController.swift */ = {isa = PBXFileReference; lastKnownFileType = sourcecode.swift; name = BaseUIViewController.swift; path = TheBakingApp/BaseUIViewController.swift; sourceTree = SOURCE_ROOT; };
		C8819EAC20189431008E6235 /* Base */ = {isa = PBXFileReference; lastKnownFileType = file.storyboard; name = Base; path = Base.lproj/Main.storyboard; sourceTree = "<group>"; };
		C8819EB120189431008E6235 /* Base */ = {isa = PBXFileReference; lastKnownFileType = file.storyboard; name = Base; path = Base.lproj/LaunchScreen.storyboard; sourceTree = "<group>"; };
		C8819EB320189431008E6235 /* Info.plist */ = {isa = PBXFileReference; lastKnownFileType = text.plist.xml; path = Info.plist; sourceTree = "<group>"; };
		C8B322AF20194A5F000652E6 /* Podfile */ = {isa = PBXFileReference; lastKnownFileType = text; path = Podfile; sourceTree = "<group>"; xcLanguageSpecificationIdentifier = xcode.lang.ruby; };
		C8B322B32019EBEE000652E6 /* BaseContract.swift */ = {isa = PBXFileReference; lastKnownFileType = sourcecode.swift; path = BaseContract.swift; sourceTree = "<group>"; };
		C8B322B52019EE8B000652E6 /* BaseUIViewController+BaseView.swift */ = {isa = PBXFileReference; lastKnownFileType = sourcecode.swift; path = "BaseUIViewController+BaseView.swift"; sourceTree = "<group>"; };
		C8B322BA201A0EC6000652E6 /* RecipeListViewController.swift */ = {isa = PBXFileReference; lastKnownFileType = sourcecode.swift; path = RecipeListViewController.swift; sourceTree = "<group>"; };
		C8B322BC201A19A1000652E6 /* RecipeListPresenter.swift */ = {isa = PBXFileReference; lastKnownFileType = sourcecode.swift; path = RecipeListPresenter.swift; sourceTree = "<group>"; };
		C8B322C3201A3D02000652E6 /* RecipeResponse.swift */ = {isa = PBXFileReference; lastKnownFileType = sourcecode.swift; path = RecipeResponse.swift; sourceTree = "<group>"; };
		C8B322C9201AA193000652E6 /* ApiEndPoints.swift */ = {isa = PBXFileReference; lastKnownFileType = sourcecode.swift; path = ApiEndPoints.swift; sourceTree = "<group>"; };
		C8B322CB201AC4FE000652E6 /* ApiCalls.swift */ = {isa = PBXFileReference; fileEncoding = 4; lastKnownFileType = sourcecode.swift; path = ApiCalls.swift; sourceTree = "<group>"; };
		F24F59EEA03E3A3C3249DFC5 /* Pods-TheBakingApp.debug.xcconfig */ = {isa = PBXFileReference; includeInIndex = 1; lastKnownFileType = text.xcconfig; name = "Pods-TheBakingApp.debug.xcconfig"; path = "Pods/Target Support Files/Pods-TheBakingApp/Pods-TheBakingApp.debug.xcconfig"; sourceTree = "<group>"; };
/* End PBXFileReference section */

/* Begin PBXFrameworksBuildPhase section */
		C8819EA120189431008E6235 /* Frameworks */ = {
			isa = PBXFrameworksBuildPhase;
			buildActionMask = 2147483647;
			files = (
				3FB7250E7FEB52576E98CB1B /* Pods_TheBakingApp.framework in Frameworks */,
			);
			runOnlyForDeploymentPostprocessing = 0;
		};
/* End PBXFrameworksBuildPhase section */

/* Begin PBXGroup section */
		24BA01B7562D4A9ED53163DA /* Frameworks */ = {
			isa = PBXGroup;
			children = (
				8D1367495763F4D39CE64B95 /* Pods_TheBakingApp.framework */,
			);
			name = Frameworks;
			sourceTree = "<group>";
		};
		C81271302032ECBF0012810F /* StepList */ = {
			isa = PBXGroup;
			children = (
				C81271352032F52A0012810F /* StepListViewController.swift */,
				C812713C203303370012810F /* StepListPresenter.swift */,
			);
			path = StepList;
			sourceTree = "<group>";
		};
		C81271392032FEF90012810F /* Util */ = {
			isa = PBXGroup;
			children = (
				C812713A2032FF0B0012810F /* StringHelper.swift */,
			);
			path = Util;
			sourceTree = "<group>";
		};
		C812713E20330DB90012810F /* Cell */ = {
			isa = PBXGroup;
			children = (
				C812713F20330DD40012810F /* RecipeStepTableViewCell.swift */,
			);
			path = Cell;
			sourceTree = "<group>";
		};
		C812714320333A1D0012810F /* VideoPlayer */ = {
			isa = PBXGroup;
			children = (
				C812714420333A320012810F /* VideoPlayerViewController.swift */,
				C812714620333B410012810F /* RecipeStepsViewPagerController.swift */,
			);
			path = VideoPlayer;
			sourceTree = "<group>";
		};
		C8819E9B20189431008E6235 = {
			isa = PBXGroup;
			children = (
				C8B322AF20194A5F000652E6 /* Podfile */,
				C8819EA620189431008E6235 /* TheBakingApp */,
				C8819EA520189431008E6235 /* Products */,
				EA28003D11A9B7D5E6301BE4 /* Pods */,
				24BA01B7562D4A9ED53163DA /* Frameworks */,
			);
			sourceTree = "<group>";
		};
		C8819EA520189431008E6235 /* Products */ = {
			isa = PBXGroup;
			children = (
				C8819EA420189431008E6235 /* TheBakingApp.app */,
			);
			name = Products;
			sourceTree = "<group>";
		};
		C8819EA620189431008E6235 /* TheBakingApp */ = {
			isa = PBXGroup;
			children = (
				C812713E20330DB90012810F /* Cell */,
				C81271392032FEF90012810F /* Util */,
				C8CC7FF420326C8300734DA7 /* Presentation */,
				C8B322C6201AA0B7000652E6 /* Data */,
				C8B322C2201A3CF3000652E6 /* Model */,
				C8819EA720189431008E6235 /* AppDelegate.swift */,
				C81271372032FA300012810F /* Asset.xcassets */,
				C8819EAB20189431008E6235 /* Main.storyboard */,
				C8819EB020189431008E6235 /* LaunchScreen.storyboard */,
				C8819EB320189431008E6235 /* Info.plist */,
				C812714120331E1B0012810F /* UiView.swift */,
			);
			path = TheBakingApp;
			sourceTree = "<group>";
		};
		C8B322B120195773000652E6 /* RecipeList */ = {
			isa = PBXGroup;
			children = (
				C8B322BA201A0EC6000652E6 /* RecipeListViewController.swift */,
				C8B322BC201A19A1000652E6 /* RecipeListPresenter.swift */,
			);
			path = RecipeList;
			sourceTree = "<group>";
		};
		C8B322B22019E89B000652E6 /* Base */ = {
			isa = PBXGroup;
			children = (
				C8819EA920189431008E6235 /* BaseUIViewController.swift */,
				C8B322B32019EBEE000652E6 /* BaseContract.swift */,
				C8B322B52019EE8B000652E6 /* BaseUIViewController+BaseView.swift */,
			);
			path = Base;
			sourceTree = "<group>";
		};
		C8B322C2201A3CF3000652E6 /* Model */ = {
			isa = PBXGroup;
			children = (
				C8B322C3201A3D02000652E6 /* RecipeResponse.swift */,
			);
			path = Model;
			sourceTree = "<group>";
		};
		C8B322C6201AA0B7000652E6 /* Data */ = {
			isa = PBXGroup;
			children = (
				C81271332032EFD40012810F /* LocalStorage.swift */,
				C8B322CB201AC4FE000652E6 /* ApiCalls.swift */,
				C8B322C9201AA193000652E6 /* ApiEndPoints.swift */,
				C81271312032EEA90012810F /* Constants.swift */,
			);
			path = Data;
			sourceTree = "<group>";
		};
		C8CC7FF420326C8300734DA7 /* Presentation */ = {
			isa = PBXGroup;
			children = (
				C812714320333A1D0012810F /* VideoPlayer */,
				C81271302032ECBF0012810F /* StepList */,
				C8B322B22019E89B000652E6 /* Base */,
				C8B322B120195773000652E6 /* RecipeList */,
			);
			path = Presentation;
			sourceTree = "<group>";
		};
		EA28003D11A9B7D5E6301BE4 /* Pods */ = {
			isa = PBXGroup;
			children = (
				F24F59EEA03E3A3C3249DFC5 /* Pods-TheBakingApp.debug.xcconfig */,
				B45CCA5550873CF7A34D09A5 /* Pods-TheBakingApp.release.xcconfig */,
			);
			name = Pods;
			sourceTree = "<group>";
		};
/* End PBXGroup section */

/* Begin PBXNativeTarget section */
		C8819EA320189431008E6235 /* TheBakingApp */ = {
			isa = PBXNativeTarget;
			buildConfigurationList = C8819EB620189431008E6235 /* Build configuration list for PBXNativeTarget "TheBakingApp" */;
			buildPhases = (
				BEF9610DCF93CE678A12DC19 /* [CP] Check Pods Manifest.lock */,
				C8819EA020189431008E6235 /* Sources */,
				C8819EA120189431008E6235 /* Frameworks */,
				C8819EA220189431008E6235 /* Resources */,
				838B794EF60EF5DA0F09AF83 /* [CP] Embed Pods Frameworks */,
				1C53CE0A3067BABFA727AE2B /* [CP] Copy Pods Resources */,
			);
			buildRules = (
			);
			dependencies = (
			);
			name = TheBakingApp;
			productName = TheBakingApp;
			productReference = C8819EA420189431008E6235 /* TheBakingApp.app */;
			productType = "com.apple.product-type.application";
		};
/* End PBXNativeTarget section */

/* Begin PBXProject section */
		C8819E9C20189431008E6235 /* Project object */ = {
			isa = PBXProject;
			attributes = {
				LastSwiftUpdateCheck = 0920;
				LastUpgradeCheck = 0920;
				ORGANIZATIONNAME = codedentwickler;
				TargetAttributes = {
					C8819EA320189431008E6235 = {
						CreatedOnToolsVersion = 9.2;
						ProvisioningStyle = Automatic;
					};
				};
			};
			buildConfigurationList = C8819E9F20189431008E6235 /* Build configuration list for PBXProject "TheBakingApp" */;
			compatibilityVersion = "Xcode 8.0";
			developmentRegion = en;
			hasScannedForEncodings = 0;
			knownRegions = (
				en,
				Base,
			);
			mainGroup = C8819E9B20189431008E6235;
			productRefGroup = C8819EA520189431008E6235 /* Products */;
			projectDirPath = "";
			projectRoot = "";
			targets = (
				C8819EA320189431008E6235 /* TheBakingApp */,
			);
		};
/* End PBXProject section */

/* Begin PBXResourcesBuildPhase section */
		C8819EA220189431008E6235 /* Resources */ = {
			isa = PBXResourcesBuildPhase;
			buildActionMask = 2147483647;
			files = (
				C81271382032FA300012810F /* Asset.xcassets in Resources */,
				C8819EB220189431008E6235 /* LaunchScreen.storyboard in Resources */,
				C8819EAD20189431008E6235 /* Main.storyboard in Resources */,
			);
			runOnlyForDeploymentPostprocessing = 0;
		};
/* End PBXResourcesBuildPhase section */

/* Begin PBXShellScriptBuildPhase section */
		1C53CE0A3067BABFA727AE2B /* [CP] Copy Pods Resources */ = {
			isa = PBXShellScriptBuildPhase;
			buildActionMask = 2147483647;
			files = (
			);
			inputPaths = (
			);
			name = "[CP] Copy Pods Resources";
			outputPaths = (
			);
			runOnlyForDeploymentPostprocessing = 0;
			shellPath = /bin/sh;
			shellScript = "\"${SRCROOT}/Pods/Target Support Files/Pods-TheBakingApp/Pods-TheBakingApp-resources.sh\"\n";
			showEnvVarsInLog = 0;
		};
		838B794EF60EF5DA0F09AF83 /* [CP] Embed Pods Frameworks */ = {
			isa = PBXShellScriptBuildPhase;
			buildActionMask = 2147483647;
			files = (
			);
			inputPaths = (
				"${SRCROOT}/Pods/Target Support Files/Pods-TheBakingApp/Pods-TheBakingApp-frameworks.sh",
				"${BUILT_PRODUCTS_DIR}/Alamofire/Alamofire.framework",
				"${BUILT_PRODUCTS_DIR}/EVReflection/EVReflection.framework",
				"${BUILT_PRODUCTS_DIR}/MBProgressHUD/MBProgressHUD.framework",
				"${BUILT_PRODUCTS_DIR}/PodAsset/PodAsset.framework",
				"${BUILT_PRODUCTS_DIR}/SHViewPager/SHViewPager.framework",
			);
			name = "[CP] Embed Pods Frameworks";
			outputPaths = (
				"${TARGET_BUILD_DIR}/${FRAMEWORKS_FOLDER_PATH}/Alamofire.framework",
				"${TARGET_BUILD_DIR}/${FRAMEWORKS_FOLDER_PATH}/EVReflection.framework",
				"${TARGET_BUILD_DIR}/${FRAMEWORKS_FOLDER_PATH}/MBProgressHUD.framework",
				"${TARGET_BUILD_DIR}/${FRAMEWORKS_FOLDER_PATH}/PodAsset.framework",
				"${TARGET_BUILD_DIR}/${FRAMEWORKS_FOLDER_PATH}/SHViewPager.framework",
			);
			runOnlyForDeploymentPostprocessing = 0;
			shellPath = /bin/sh;
			shellScript = "\"${SRCROOT}/Pods/Target Support Files/Pods-TheBakingApp/Pods-TheBakingApp-frameworks.sh\"\n";
			showEnvVarsInLog = 0;
		};
		BEF9610DCF93CE678A12DC19 /* [CP] Check Pods Manifest.lock */ = {
			isa = PBXShellScriptBuildPhase;
			buildActionMask = 2147483647;
			files = (
			);
			inputPaths = (
				"${PODS_PODFILE_DIR_PATH}/Podfile.lock",
				"${PODS_ROOT}/Manifest.lock",
			);
			name = "[CP] Check Pods Manifest.lock";
			outputPaths = (
				"$(DERIVED_FILE_DIR)/Pods-TheBakingApp-checkManifestLockResult.txt",
			);
			runOnlyForDeploymentPostprocessing = 0;
			shellPath = /bin/sh;
			shellScript = "diff \"${PODS_PODFILE_DIR_PATH}/Podfile.lock\" \"${PODS_ROOT}/Manifest.lock\" > /dev/null\nif [ $? != 0 ] ; then\n    # print error to STDERR\n    echo \"error: The sandbox is not in sync with the Podfile.lock. Run 'pod install' or update your CocoaPods installation.\" >&2\n    exit 1\nfi\n# This output is used by Xcode 'outputs' to avoid re-running this script phase.\necho \"SUCCESS\" > \"${SCRIPT_OUTPUT_FILE_0}\"\n";
			showEnvVarsInLog = 0;
		};
/* End PBXShellScriptBuildPhase section */

/* Begin PBXSourcesBuildPhase section */
		C8819EA020189431008E6235 /* Sources */ = {
			isa = PBXSourcesBuildPhase;
			buildActionMask = 2147483647;
			files = (
				C8B322BD201A19A1000652E6 /* RecipeListPresenter.swift in Sources */,
				C81271322032EEA90012810F /* Constants.swift in Sources */,
				C8819EAA20189431008E6235 /* BaseUIViewController.swift in Sources */,
				C812714520333A320012810F /* VideoPlayerViewController.swift in Sources */,
				C81271362032F52A0012810F /* StepListViewController.swift in Sources */,
				C812713B2032FF0B0012810F /* StringHelper.swift in Sources */,
				C8B322CC201AC4FE000652E6 /* ApiCalls.swift in Sources */,
				C812714720333B410012810F /* RecipeStepsViewPagerController.swift in Sources */,
				C8B322B42019EBEE000652E6 /* BaseContract.swift in Sources */,
				C8B322B62019EE8B000652E6 /* BaseUIViewController+BaseView.swift in Sources */,
				C812714220331E1C0012810F /* UiView.swift in Sources */,
				C8819EA820189431008E6235 /* AppDelegate.swift in Sources */,
				C8B322BB201A0EC6000652E6 /* RecipeListViewController.swift in Sources */,
				C8B322B020194A5F000652E6 /* Podfile in Sources */,
				C81271342032EFD50012810F /* LocalStorage.swift in Sources */,
				C812713D203303370012810F /* StepListPresenter.swift in Sources */,
				C8B322C4201A3D02000652E6 /* RecipeResponse.swift in Sources */,
				C8B322CA201AA193000652E6 /* ApiEndPoints.swift in Sources */,
				C812714020330DD40012810F /* RecipeStepTableViewCell.swift in Sources */,
			);
			runOnlyForDeploymentPostprocessing = 0;
		};
/* End PBXSourcesBuildPhase section */

/* Begin PBXVariantGroup section */
		C8819EAB20189431008E6235 /* Main.storyboard */ = {
			isa = PBXVariantGroup;
			children = (
				C8819EAC20189431008E6235 /* Base */,
			);
			name = Main.storyboard;
			sourceTree = "<group>";
		};
		C8819EB020189431008E6235 /* LaunchScreen.storyboard */ = {
			isa = PBXVariantGroup;
			children = (
				C8819EB120189431008E6235 /* Base */,
			);
			name = LaunchScreen.storyboard;
			sourceTree = "<group>";
		};
/* End PBXVariantGroup section */

/* Begin XCBuildConfiguration section */
		C8819EB420189431008E6235 /* Debug */ = {
			isa = XCBuildConfiguration;
			buildSettings = {
				ALWAYS_SEARCH_USER_PATHS = NO;
				CLANG_ANALYZER_NONNULL = YES;
				CLANG_ANALYZER_NUMBER_OBJECT_CONVERSION = YES_AGGRESSIVE;
				CLANG_CXX_LANGUAGE_STANDARD = "gnu++14";
				CLANG_CXX_LIBRARY = "libc++";
				CLANG_ENABLE_MODULES = YES;
				CLANG_ENABLE_OBJC_ARC = YES;
				CLANG_WARN_BLOCK_CAPTURE_AUTORELEASING = YES;
				CLANG_WARN_BOOL_CONVERSION = YES;
				CLANG_WARN_COMMA = YES;
				CLANG_WARN_CONSTANT_CONVERSION = YES;
				CLANG_WARN_DIRECT_OBJC_ISA_USAGE = YES_ERROR;
				CLANG_WARN_DOCUMENTATION_COMMENTS = YES;
				CLANG_WARN_EMPTY_BODY = YES;
				CLANG_WARN_ENUM_CONVERSION = YES;
				CLANG_WARN_INFINITE_RECURSION = YES;
				CLANG_WARN_INT_CONVERSION = YES;
				CLANG_WARN_NON_LITERAL_NULL_CONVERSION = YES;
				CLANG_WARN_OBJC_LITERAL_CONVERSION = YES;
				CLANG_WARN_OBJC_ROOT_CLASS = YES_ERROR;
				CLANG_WARN_RANGE_LOOP_ANALYSIS = YES;
				CLANG_WARN_STRICT_PROTOTYPES = YES;
				CLANG_WARN_SUSPICIOUS_MOVE = YES;
				CLANG_WARN_UNGUARDED_AVAILABILITY = YES_AGGRESSIVE;
				CLANG_WARN_UNREACHABLE_CODE = YES;
				CLANG_WARN__DUPLICATE_METHOD_MATCH = YES;
				CODE_SIGN_IDENTITY = "iPhone Developer";
				COPY_PHASE_STRIP = NO;
				DEBUG_INFORMATION_FORMAT = dwarf;
				ENABLE_STRICT_OBJC_MSGSEND = YES;
				ENABLE_TESTABILITY = YES;
				GCC_C_LANGUAGE_STANDARD = gnu11;
				GCC_DYNAMIC_NO_PIC = NO;
				GCC_NO_COMMON_BLOCKS = YES;
				GCC_OPTIMIZATION_LEVEL = 0;
				GCC_PREPROCESSOR_DEFINITIONS = (
					"DEBUG=1",
					"$(inherited)",
				);
				GCC_WARN_64_TO_32_BIT_CONVERSION = YES;
				GCC_WARN_ABOUT_RETURN_TYPE = YES_ERROR;
				GCC_WARN_UNDECLARED_SELECTOR = YES;
				GCC_WARN_UNINITIALIZED_AUTOS = YES_AGGRESSIVE;
				GCC_WARN_UNUSED_FUNCTION = YES;
				GCC_WARN_UNUSED_VARIABLE = YES;
				IPHONEOS_DEPLOYMENT_TARGET = 11.2;
				MTL_ENABLE_DEBUG_INFO = YES;
				ONLY_ACTIVE_ARCH = YES;
				SDKROOT = iphoneos;
				SWIFT_ACTIVE_COMPILATION_CONDITIONS = DEBUG;
				SWIFT_OPTIMIZATION_LEVEL = "-Onone";
			};
			name = Debug;
		};
		C8819EB520189431008E6235 /* Release */ = {
			isa = XCBuildConfiguration;
			buildSettings = {
				ALWAYS_SEARCH_USER_PATHS = NO;
				CLANG_ANALYZER_NONNULL = YES;
				CLANG_ANALYZER_NUMBER_OBJECT_CONVERSION = YES_AGGRESSIVE;
				CLANG_CXX_LANGUAGE_STANDARD = "gnu++14";
				CLANG_CXX_LIBRARY = "libc++";
				CLANG_ENABLE_MODULES = YES;
				CLANG_ENABLE_OBJC_ARC = YES;
				CLANG_WARN_BLOCK_CAPTURE_AUTORELEASING = YES;
				CLANG_WARN_BOOL_CONVERSION = YES;
				CLANG_WARN_COMMA = YES;
				CLANG_WARN_CONSTANT_CONVERSION = YES;
				CLANG_WARN_DIRECT_OBJC_ISA_USAGE = YES_ERROR;
				CLANG_WARN_DOCUMENTATION_COMMENTS = YES;
				CLANG_WARN_EMPTY_BODY = YES;
				CLANG_WARN_ENUM_CONVERSION = YES;
				CLANG_WARN_INFINITE_RECURSION = YES;
				CLANG_WARN_INT_CONVERSION = YES;
				CLANG_WARN_NON_LITERAL_NULL_CONVERSION = YES;
				CLANG_WARN_OBJC_LITERAL_CONVERSION = YES;
				CLANG_WARN_OBJC_ROOT_CLASS = YES_ERROR;
				CLANG_WARN_RANGE_LOOP_ANALYSIS = YES;
				CLANG_WARN_STRICT_PROTOTYPES = YES;
				CLANG_WARN_SUSPICIOUS_MOVE = YES;
				CLANG_WARN_UNGUARDED_AVAILABILITY = YES_AGGRESSIVE;
				CLANG_WARN_UNREACHABLE_CODE = YES;
				CLANG_WARN__DUPLICATE_METHOD_MATCH = YES;
				CODE_SIGN_IDENTITY = "iPhone Developer";
				COPY_PHASE_STRIP = NO;
				DEBUG_INFORMATION_FORMAT = "dwarf-with-dsym";
				ENABLE_NS_ASSERTIONS = NO;
				ENABLE_STRICT_OBJC_MSGSEND = YES;
				GCC_C_LANGUAGE_STANDARD = gnu11;
				GCC_NO_COMMON_BLOCKS = YES;
				GCC_WARN_64_TO_32_BIT_CONVERSION = YES;
				GCC_WARN_ABOUT_RETURN_TYPE = YES_ERROR;
				GCC_WARN_UNDECLARED_SELECTOR = YES;
				GCC_WARN_UNINITIALIZED_AUTOS = YES_AGGRESSIVE;
				GCC_WARN_UNUSED_FUNCTION = YES;
				GCC_WARN_UNUSED_VARIABLE = YES;
				IPHONEOS_DEPLOYMENT_TARGET = 11.2;
				MTL_ENABLE_DEBUG_INFO = NO;
				SDKROOT = iphoneos;
				SWIFT_OPTIMIZATION_LEVEL = "-Owholemodule";
				VALIDATE_PRODUCT = YES;
			};
			name = Release;
		};
		C8819EB720189431008E6235 /* Debug */ = {
			isa = XCBuildConfiguration;
			baseConfigurationReference = F24F59EEA03E3A3C3249DFC5 /* Pods-TheBakingApp.debug.xcconfig */;
			buildSettings = {
				ASSETCATALOG_COMPILER_APPICON_NAME = AppIcon;
				CODE_SIGN_STYLE = Automatic;
				DEVELOPMENT_TEAM = 44WM7BTB59;
				INFOPLIST_FILE = TheBakingApp/Info.plist;
				IPHONEOS_DEPLOYMENT_TARGET = 11.2;
				LD_RUNPATH_SEARCH_PATHS = "$(inherited) @executable_path/Frameworks";
				PRODUCT_BUNDLE_IDENTIFIER = com.codedentwickler.TheBakingApp;
				PRODUCT_NAME = "$(TARGET_NAME)";
				SWIFT_VERSION = 4.0;
				TARGETED_DEVICE_FAMILY = "1,2";
			};
			name = Debug;
		};
		C8819EB820189431008E6235 /* Release */ = {
			isa = XCBuildConfiguration;
			baseConfigurationReference = B45CCA5550873CF7A34D09A5 /* Pods-TheBakingApp.release.xcconfig */;
			buildSettings = {
				ASSETCATALOG_COMPILER_APPICON_NAME = AppIcon;
				CODE_SIGN_STYLE = Automatic;
				DEVELOPMENT_TEAM = 44WM7BTB59;
				INFOPLIST_FILE = TheBakingApp/Info.plist;
				IPHONEOS_DEPLOYMENT_TARGET = 11.2;
				LD_RUNPATH_SEARCH_PATHS = "$(inherited) @executable_path/Frameworks";
				PRODUCT_BUNDLE_IDENTIFIER = com.codedentwickler.TheBakingApp;
				PRODUCT_NAME = "$(TARGET_NAME)";
				SWIFT_VERSION = 4.0;
				TARGETED_DEVICE_FAMILY = "1,2";
			};
			name = Release;
		};
/* End XCBuildConfiguration section */

/* Begin XCConfigurationList section */
		C8819E9F20189431008E6235 /* Build configuration list for PBXProject "TheBakingApp" */ = {
			isa = XCConfigurationList;
			buildConfigurations = (
				C8819EB420189431008E6235 /* Debug */,
				C8819EB520189431008E6235 /* Release */,
			);
			defaultConfigurationIsVisible = 0;
			defaultConfigurationName = Release;
		};
		C8819EB620189431008E6235 /* Build configuration list for PBXNativeTarget "TheBakingApp" */ = {
			isa = XCConfigurationList;
			buildConfigurations = (
				C8819EB720189431008E6235 /* Debug */,
				C8819EB820189431008E6235 /* Release */,
			);
			defaultConfigurationIsVisible = 0;
			defaultConfigurationName = Release;
		};
/* End XCConfigurationList section */
	};
	rootObject = C8819E9C20189431008E6235 /* Project object */;
}
